
Microsoft Visual Studio Solution File, Format Version 12.00
# Visual Studio Version 16
VisualStudioVersion = 16.0.31229.75
MinimumVisualStudioVersion = 10.0.40219.1
Project("{9A19103F-16F7-4668-BE54-9A1E7A4F7556}") = "Promocodes.Api", "src\Promocodes.Api\Promocodes.Api.csproj", "{389D07EC-926A-41AE-BE91-CE1FE0D4CCD0}"
EndProject
Project("{9A19103F-16F7-4668-BE54-9A1E7A4F7556}") = "Promocodes.Data.Persistence", "src\Promocodes.Data.Persistence\Promocodes.Data.Persistence.csproj", "{DD2FD442-AFFE-41D6-A812-5A66EC91BD70}"
EndProject
Project("{9A19103F-16F7-4668-BE54-9A1E7A4F7556}") = "Promocodes.Business.Services", "src\Promocodes.Business.Services\Promocodes.Business.Services.csproj", "{B9DC5E63-23E0-49C1-BD96-3D2138834708}"
EndProject
Project("{9A19103F-16F7-4668-BE54-9A1E7A4F7556}") = "Promocodes.Business.Core", "src\Promocodes.Business.Core\Promocodes.Business.Core.csproj", "{24A0973B-02BE-4CB7-8D74-8E4CFA8F65B7}"
EndProject
Project("{9A19103F-16F7-4668-BE54-9A1E7A4F7556}") = "Promocodes.Data.Core", "src\Promocodes.Data.Core\Promocodes.Data.Core.csproj", "{2F38C6F3-CC5A-41AB-B2A7-FFBFF9B24E85}"
EndProject
Project("{FAE04EC0-301F-11D3-BF4B-00C04F79EFBC}") = "Promocodes.Data.CoreTests", "tests\Promocodes.Data.CoreTests\Promocodes.Data.CoreTests.csproj", "{A6C4BBD8-FA84-4C96-A3FE-E00C25C6B04B}"
EndProject
Project("{FAE04EC0-301F-11D3-BF4B-00C04F79EFBC}") = "Promocodes.Business.CoreTests", "tests\Promocodes.Business.CoreTests\Promocodes.Business.CoreTests.csproj", "{79AB279E-11A9-4B73-BEBB-863378F240CE}"
EndProject
Global
	GlobalSection(SolutionConfigurationPlatforms) = preSolution
		Debug|Any CPU = Debug|Any CPU
		Release|Any CPU = Release|Any CPU
	EndGlobalSection
	GlobalSection(ProjectConfigurationPlatforms) = postSolution
		{389D07EC-926A-41AE-BE91-CE1FE0D4CCD0}.Debug|Any CPU.ActiveCfg = Debug|Any CPU
		{389D07EC-926A-41AE-BE91-CE1FE0D4CCD0}.Debug|Any CPU.Build.0 = Debug|Any CPU
		{389D07EC-926A-41AE-BE91-CE1FE0D4CCD0}.Release|Any CPU.ActiveCfg = Release|Any CPU
		{389D07EC-926A-41AE-BE91-CE1FE0D4CCD0}.Release|Any CPU.Build.0 = Release|Any CPU
		{DD2FD442-AFFE-41D6-A812-5A66EC91BD70}.Debug|Any CPU.ActiveCfg = Debug|Any CPU
		{DD2FD442-AFFE-41D6-A812-5A66EC91BD70}.Debug|Any CPU.Build.0 = Debug|Any CPU
		{DD2FD442-AFFE-41D6-A812-5A66EC91BD70}.Release|Any CPU.ActiveCfg = Release|Any CPU
		{DD2FD442-AFFE-41D6-A812-5A66EC91BD70}.Release|Any CPU.Build.0 = Release|Any CPU
		{B9DC5E63-23E0-49C1-BD96-3D2138834708}.Debug|Any CPU.ActiveCfg = Debug|Any CPU
		{B9DC5E63-23E0-49C1-BD96-3D2138834708}.Debug|Any CPU.Build.0 = Debug|Any CPU
		{B9DC5E63-23E0-49C1-BD96-3D2138834708}.Release|Any CPU.ActiveCfg = Release|Any CPU
		{B9DC5E63-23E0-49C1-BD96-3D2138834708}.Release|Any CPU.Build.0 = Release|Any CPU
		{24A0973B-02BE-4CB7-8D74-8E4CFA8F65B7}.Debug|Any CPU.ActiveCfg = Debug|Any CPU
		{24A0973B-02BE-4CB7-8D74-8E4CFA8F65B7}.Debug|Any CPU.Build.0 = Debug|Any CPU
		{24A0973B-02BE-4CB7-8D74-8E4CFA8F65B7}.Release|Any CPU.ActiveCfg = Release|Any CPU
		{24A0973B-02BE-4CB7-8D74-8E4CFA8F65B7}.Release|Any CPU.Build.0 = Release|Any CPU
		{2F38C6F3-CC5A-41AB-B2A7-FFBFF9B24E85}.Debug|Any CPU.ActiveCfg = Debug|Any CPU
		{2F38C6F3-CC5A-41AB-B2A7-FFBFF9B24E85}.Debug|Any CPU.Build.0 = Debug|Any CPU
		{2F38C6F3-CC5A-41AB-B2A7-FFBFF9B24E85}.Release|Any CPU.ActiveCfg = Release|Any CPU
		{2F38C6F3-CC5A-41AB-B2A7-FFBFF9B24E85}.Release|Any CPU.Build.0 = Release|Any CPU
		{A6C4BBD8-FA84-4C96-A3FE-E00C25C6B04B}.Debug|Any CPU.ActiveCfg = Debug|Any CPU
		{A6C4BBD8-FA84-4C96-A3FE-E00C25C6B04B}.Debug|Any CPU.Build.0 = Debug|Any CPU
		{A6C4BBD8-FA84-4C96-A3FE-E00C25C6B04B}.Release|Any CPU.ActiveCfg = Release|Any CPU
		{A6C4BBD8-FA84-4C96-A3FE-E00C25C6B04B}.Release|Any CPU.Build.0 = Release|Any CPU
		{79AB279E-11A9-4B73-BEBB-863378F240CE}.Debug|Any CPU.ActiveCfg = Debug|Any CPU
		{79AB279E-11A9-4B73-BEBB-863378F240CE}.Debug|Any CPU.Build.0 = Debug|Any CPU
		{79AB279E-11A9-4B73-BEBB-863378F240CE}.Release|Any CPU.ActiveCfg = Release|Any CPU
		{79AB279E-11A9-4B73-BEBB-863378F240CE}.Release|Any CPU.Build.0 = Release|Any CPU
	EndGlobalSection
	GlobalSection(SolutionProperties) = preSolution
		HideSolutionNode = FALSE
	EndGlobalSection
	GlobalSection(ExtensibilityGlobals) = postSolution
		SolutionGuid = {D4B12175-BF92-4330-A6E2-CB467D5E3DD6}
	EndGlobalSection
EndGlobal
